PODS:
  - FBSnapshotTestCase (2.1.4):
    - FBSnapshotTestCase/SwiftSupport (= 2.1.4)
  - FBSnapshotTestCase/Core (2.1.4)
  - FBSnapshotTestCase/SwiftSupport (2.1.4):
    - FBSnapshotTestCase/Core
  - Hana (0.0.1)
  - iOSSnapshotTestCase (5.0.2):
    - iOSSnapshotTestCase/SwiftSupport (= 5.0.2)
  - iOSSnapshotTestCase/Core (5.0.2)
  - iOSSnapshotTestCase/SwiftSupport (5.0.2):
    - iOSSnapshotTestCase/Core
  - Nimble (7.3.4)
  - Nimble-Snapshots (6.9.1):
    - Nimble-Snapshots/Core (= 6.9.1)
  - Nimble-Snapshots/Core (6.9.1):
    - iOSSnapshotTestCase (~> 5.0)
    - Nimble (~> 7.0)
  - Quick (4.0.0)

DEPENDENCIES:
  - FBSnapshotTestCase
  - Hana (from `../`)
  - Nimble
  - Nimble-Snapshots
  - Quick

SPEC REPOS:
  trunk:
    - FBSnapshotTestCase
    - iOSSnapshotTestCase
    - Nimble
    - Nimble-Snapshots
    - Quick

EXTERNAL SOURCES:
  Hana:
    :path: "../"

SPEC CHECKSUMS:
  FBSnapshotTestCase: 094f9f314decbabe373b87cc339bea235a63e07a
  Hana: b57d2d9a9e85fb6d2c98c3f726e5df9f02cd82b2
  iOSSnapshotTestCase: 2d51aa06775e95cecb0a1fb9c5c159ccd1dd4596
  Nimble: 051e3d8912d40138fa5591c78594f95fb172af37
  Nimble-Snapshots: bbd1ab264bacc24a9ce24a8363bc05aac783aeb0
  Quick: 6473349e43b9271a8d43839d9ba1c442ed1b7ac4

PODFILE CHECKSUM: e6062ec8867a6234696bd3706742513ec95820ed

COCOAPODS: 1.11.2
